{
  "name": "llm-to-tts-node",
  "version": "1.0.0",
  "lockfileVersion": 3,
  "requires": true,
  "packages": {
    "": {
      "name": "llm-to-tts-node",
      "version": "1.0.0",
      "license": "MIT",
      "dependencies": {
        "@inworld/cli": "^0.2.16",
        "@inworld/runtime": "^0.8.0"
      },
      "engines": {
        "node": ">=20.0.0"
      }
    }